
Microsoft Visual Studio Solution File, Format Version 12.00
# Visual Studio 14
VisualStudioVersion = 14.0.24720.0
MinimumVisualStudioVersion = 10.0.40219.1
Project("{FAE04EC0-301F-11D3-BF4B-00C04F79EFBC}") = "DataAccess", "DataAccess\DataAccess.csproj", "{86B0CE39-48E7-41FF-A688-41A9B5D0FCF4}"
EndProject
Project("{FAE04EC0-301F-11D3-BF4B-00C04F79EFBC}") = "Domain", "..\Domain\Domain\Domain.csproj", "{CF304FE3-BD11-4758-8F3C-C1F5CE97E221}"
EndProject
Project("{FAE04EC0-301F-11D3-BF4B-00C04F79EFBC}") = "AplikacjaDoZarzadzaniaWypozyczalnia", "..\AplikacjaDoZarzadzaniaWypozyczalnia\AplikacjaDoZarzadzaniaWypozyczalnia\AplikacjaDoZarzadzaniaWypozyczalnia.csproj", "{622D0DEA-665F-4198-BAE7-EA8114132E5C}"
EndProject
Global
	GlobalSection(SolutionConfigurationPlatforms) = preSolution
		Debug|Any CPU = Debug|Any CPU
		Release|Any CPU = Release|Any CPU
	EndGlobalSection
	GlobalSection(ProjectConfigurationPlatforms) = postSolution
		{86B0CE39-48E7-41FF-A688-41A9B5D0FCF4}.Debug|Any CPU.ActiveCfg = Debug|Any CPU
		{86B0CE39-48E7-41FF-A688-41A9B5D0FCF4}.Debug|Any CPU.Build.0 = Debug|Any CPU
		{86B0CE39-48E7-41FF-A688-41A9B5D0FCF4}.Release|Any CPU.ActiveCfg = Release|Any CPU
		{86B0CE39-48E7-41FF-A688-41A9B5D0FCF4}.Release|Any CPU.Build.0 = Release|Any CPU
		{CF304FE3-BD11-4758-8F3C-C1F5CE97E221}.Debug|Any CPU.ActiveCfg = Debug|Any CPU
		{CF304FE3-BD11-4758-8F3C-C1F5CE97E221}.Debug|Any CPU.Build.0 = Debug|Any CPU
		{CF304FE3-BD11-4758-8F3C-C1F5CE97E221}.Release|Any CPU.ActiveCfg = Release|Any CPU
		{CF304FE3-BD11-4758-8F3C-C1F5CE97E221}.Release|Any CPU.Build.0 = Release|Any CPU
		{622D0DEA-665F-4198-BAE7-EA8114132E5C}.Debug|Any CPU.ActiveCfg = Debug|Any CPU
		{622D0DEA-665F-4198-BAE7-EA8114132E5C}.Debug|Any CPU.Build.0 = Debug|Any CPU
		{622D0DEA-665F-4198-BAE7-EA8114132E5C}.Release|Any CPU.ActiveCfg = Release|Any CPU
		{622D0DEA-665F-4198-BAE7-EA8114132E5C}.Release|Any CPU.Build.0 = Release|Any CPU
	EndGlobalSection
	GlobalSection(SolutionProperties) = preSolution
		HideSolutionNode = FALSE
	EndGlobalSection
EndGlobal
